{
  "version": 4,
  "terraform_version": "1.0.4",
  "serial": 3,
  "lineage": "217ee159-2edb-3716-c9ff-8f66ef9f4e66",
  "outputs": {},
  "resources": [
    {
      "mode": "managed",
      "type": "google_compute_disk",
      "name": "default",
      "provider": "provider[\"registry.terraform.io/hashicorp/google\"]",
      "instances": [
        {
          "schema_version": 0,
          "attributes": {
            "creation_timestamp": "2022-02-23T05:32:52.110-08:00",
            "description": "",
            "disk_encryption_key": [],
            "id": "projects/sct-management-console/zones/europe-west1-b/disks/pradeep-disk1",
            "image": "",
            "label_fingerprint": "a6HI36FuYIQ=",
            "labels": {
              "environment": "dev"
            },
            "last_attach_timestamp": "",
            "last_detach_timestamp": "",
            "name": "pradeep-disk1",
            "physical_block_size_bytes": 4096,
            "project": "sct-management-console",
            "provisioned_iops": 0,
            "self_link": "https://www.googleapis.com/compute/v1/projects/sct-management-console/zones/europe-west1-b/disks/pradeep-disk1",
            "size": 100,
            "snapshot": "",
            "source_image_encryption_key": [],
            "source_image_id": "",
            "source_snapshot_encryption_key": [],
            "source_snapshot_id": "",
            "timeouts": null,
            "type": "pd-ssd",
            "users": [],
            "zone": "europe-west1-b"
          },
          "sensitive_attributes": [],
          "private": "eyJlMmJmYjczMC1lY2FhLTExZTYtOGY4OC0zNDM2M2JjN2M0YzAiOnsiY3JlYXRlIjoxMjAwMDAwMDAwMDAwLCJkZWxldGUiOjEyMDAwMDAwMDAwMDAsInVwZGF0ZSI6MTIwMDAwMDAwMDAwMH19"
        }
      ]
    }
  ]
}
